
Microsoft Visual Studio Solution File, Format Version 12.00
# Visual Studio Version 16
VisualStudioVersion = 16.0.30011.22
MinimumVisualStudioVersion = 10.0.40219.1
Project("{9A19103F-16F7-4668-BE54-9A1E7A4F7556}") = "SlotMachine", "SlotMachine\SlotMachine.csproj", "{9EE4186D-491B-4F78-BA9E-C568A663F7D5}"
EndProject
Project("{FAE04EC0-301F-11D3-BF4B-00C04F79EFBC}") = "SlotMachineUnitTests", "SlotMachineUnitTests\SlotMachineUnitTests.csproj", "{900FC899-6CE7-450A-AAE2-911D42A4B7F3}"
EndProject
Global
	GlobalSection(SolutionConfigurationPlatforms) = preSolution
		Debug|Any CPU = Debug|Any CPU
		Release|Any CPU = Release|Any CPU
	EndGlobalSection
	GlobalSection(ProjectConfigurationPlatforms) = postSolution
		{9EE4186D-491B-4F78-BA9E-C568A663F7D5}.Debug|Any CPU.ActiveCfg = Debug|Any CPU
		{9EE4186D-491B-4F78-BA9E-C568A663F7D5}.Debug|Any CPU.Build.0 = Debug|Any CPU
		{9EE4186D-491B-4F78-BA9E-C568A663F7D5}.Release|Any CPU.ActiveCfg = Release|Any CPU
		{9EE4186D-491B-4F78-BA9E-C568A663F7D5}.Release|Any CPU.Build.0 = Release|Any CPU
		{900FC899-6CE7-450A-AAE2-911D42A4B7F3}.Debug|Any CPU.ActiveCfg = Debug|Any CPU
		{900FC899-6CE7-450A-AAE2-911D42A4B7F3}.Debug|Any CPU.Build.0 = Debug|Any CPU
		{900FC899-6CE7-450A-AAE2-911D42A4B7F3}.Release|Any CPU.ActiveCfg = Release|Any CPU
		{900FC899-6CE7-450A-AAE2-911D42A4B7F3}.Release|Any CPU.Build.0 = Release|Any CPU
	EndGlobalSection
	GlobalSection(SolutionProperties) = preSolution
		HideSolutionNode = FALSE
	EndGlobalSection
	GlobalSection(ExtensibilityGlobals) = postSolution
		SolutionGuid = {2A66E2D6-02F8-4B82-B0B7-B2F70BF3A444}
	EndGlobalSection
EndGlobal
